
Microsoft Visual Studio Solution File, Format Version 12.00
# Visual Studio Version 16
VisualStudioVersion = 16.0.35229.62
MinimumVisualStudioVersion = 10.0.40219.1
Project("{FAE04EC0-301F-11D3-BF4B-00C04F79EFBC}") = "socket", "socket\socket.csproj", "{8173F364-02E1-49D8-B9CA-13F6A2CDA9B2}"
EndProject
Global
	GlobalSection(SolutionConfigurationPlatforms) = preSolution
		Debug|Any CPU = Debug|Any CPU
		Release|Any CPU = Release|Any CPU
	EndGlobalSection
	GlobalSection(ProjectConfigurationPlatforms) = postSolution
		{8173F364-02E1-49D8-B9CA-13F6A2CDA9B2}.Debug|Any CPU.ActiveCfg = Debug|Any CPU
		{8173F364-02E1-49D8-B9CA-13F6A2CDA9B2}.Debug|Any CPU.Build.0 = Debug|Any CPU
		{8173F364-02E1-49D8-B9CA-13F6A2CDA9B2}.Release|Any CPU.ActiveCfg = Release|Any CPU
		{8173F364-02E1-49D8-B9CA-13F6A2CDA9B2}.Release|Any CPU.Build.0 = Release|Any CPU
	EndGlobalSection
	GlobalSection(SolutionProperties) = preSolution
		HideSolutionNode = FALSE
	EndGlobalSection
	GlobalSection(ExtensibilityGlobals) = postSolution
		SolutionGuid = {280BBBB7-966B-437C-967A-EF440D961F86}
	EndGlobalSection
EndGlobal
